
Microsoft Visual Studio Solution File, Format Version 12.00
# Visual Studio Version 16
VisualStudioVersion = 16.0.30309.148
MinimumVisualStudioVersion = 10.0.40219.1
Project("{FAE04EC0-301F-11D3-BF4B-00C04F79EFBC}") = "Circulo", "Circulo\Circulo.csproj", "{FF386B04-46CC-4365-9A77-4E1933D6DC36}"
EndProject
Global
	GlobalSection(SolutionConfigurationPlatforms) = preSolution
		Debug|Any CPU = Debug|Any CPU
		Release|Any CPU = Release|Any CPU
	EndGlobalSection
	GlobalSection(ProjectConfigurationPlatforms) = postSolution
		{FF386B04-46CC-4365-9A77-4E1933D6DC36}.Debug|Any CPU.ActiveCfg = Debug|Any CPU
		{FF386B04-46CC-4365-9A77-4E1933D6DC36}.Debug|Any CPU.Build.0 = Debug|Any CPU
		{FF386B04-46CC-4365-9A77-4E1933D6DC36}.Release|Any CPU.ActiveCfg = Release|Any CPU
		{FF386B04-46CC-4365-9A77-4E1933D6DC36}.Release|Any CPU.Build.0 = Release|Any CPU
	EndGlobalSection
	GlobalSection(SolutionProperties) = preSolution
		HideSolutionNode = FALSE
	EndGlobalSection
	GlobalSection(ExtensibilityGlobals) = postSolution
		SolutionGuid = {6D808A33-8B42-4A6D-9D48-B4ED79F39F3C}
	EndGlobalSection
EndGlobal
